
Microsoft Visual Studio Solution File, Format Version 12.00
# Visual Studio 14
VisualStudioVersion = 14.0.25420.1
MinimumVisualStudioVersion = 10.0.40219.1
Project("{8BC9CEB8-8B4A-11D0-8D11-00A0C91BC942}") = "Mirage", "Mirage\Mirage.vcxproj", "{A1388C2D-4E39-4F86-8355-92E669E614AF}"
EndProject
Project("{8BC9CEB8-8B4A-11D0-8D11-00A0C91BC942}") = "Bullet3Common", "Bullet3\src\Bullet3Common\Bullet3Common.vcxproj", "{E3A1938C-7C10-3326-82C9-A6A9EF015F6C}"
EndProject
Project("{8BC9CEB8-8B4A-11D0-8D11-00A0C91BC942}") = "Bullet3Collision", "Bullet3\src\Bullet3Collision\Bullet3Collision.vcxproj", "{02F63BD9-2613-347D-9A4F-C107F05ABBC8}"
EndProject
Project("{8BC9CEB8-8B4A-11D0-8D11-00A0C91BC942}") = "Bullet3Dynamics", "Bullet3\src\Bullet3Dynamics\Bullet3Dynamics.vcxproj", "{9D0FDE54-BD9F-3E41-BF05-DF3C93A49E16}"
EndProject
Project("{8BC9CEB8-8B4A-11D0-8D11-00A0C91BC942}") = "LinearMath", "Bullet3\src\LinearMath\LinearMath.vcxproj", "{823964EA-9A54-3450-96FA-1A7C9A026378}"
EndProject
Global
	GlobalSection(SolutionConfigurationPlatforms) = preSolution
		Debug Library|x64 = Debug Library|x64
		Debug Library|x86 = Debug Library|x86
		Debug|x64 = Debug|x64
		Debug|x86 = Debug|x86
		MinSizeRel|x64 = MinSizeRel|x64
		MinSizeRel|x86 = MinSizeRel|x86
		Release Library|x64 = Release Library|x64
		Release Library|x86 = Release Library|x86
		Release|x64 = Release|x64
		Release|x86 = Release|x86
		RelWithDebInfo|x64 = RelWithDebInfo|x64
		RelWithDebInfo|x86 = RelWithDebInfo|x86
	EndGlobalSection
	GlobalSection(ProjectConfigurationPlatforms) = postSolution
		{A1388C2D-4E39-4F86-8355-92E669E614AF}.Debug Library|x64.ActiveCfg = Debug Library|x64
		{A1388C2D-4E39-4F86-8355-92E669E614AF}.Debug Library|x64.Build.0 = Debug Library|x64
		{A1388C2D-4E39-4F86-8355-92E669E614AF}.Debug Library|x86.ActiveCfg = Debug Library|Win32
		{A1388C2D-4E39-4F86-8355-92E669E614AF}.Debug Library|x86.Build.0 = Debug Library|Win32
		{A1388C2D-4E39-4F86-8355-92E669E614AF}.Debug|x64.ActiveCfg = Debug|x64
		{A1388C2D-4E39-4F86-8355-92E669E614AF}.Debug|x64.Build.0 = Debug|x64
		{A1388C2D-4E39-4F86-8355-92E669E614AF}.Debug|x86.ActiveCfg = Debug|Win32
		{A1388C2D-4E39-4F86-8355-92E669E614AF}.Debug|x86.Build.0 = Debug|Win32
		{A1388C2D-4E39-4F86-8355-92E669E614AF}.MinSizeRel|x64.ActiveCfg = Release|x64
		{A1388C2D-4E39-4F86-8355-92E669E614AF}.MinSizeRel|x64.Build.0 = Release|x64
		{A1388C2D-4E39-4F86-8355-92E669E614AF}.MinSizeRel|x86.ActiveCfg = Release|Win32
		{A1388C2D-4E39-4F86-8355-92E669E614AF}.MinSizeRel|x86.Build.0 = Release|Win32
		{A1388C2D-4E39-4F86-8355-92E669E614AF}.Release Library|x64.ActiveCfg = Release Library|x64
		{A1388C2D-4E39-4F86-8355-92E669E614AF}.Release Library|x64.Build.0 = Release Library|x64
		{A1388C2D-4E39-4F86-8355-92E669E614AF}.Release Library|x86.ActiveCfg = Release Library|Win32
		{A1388C2D-4E39-4F86-8355-92E669E614AF}.Release Library|x86.Build.0 = Release Library|Win32
		{A1388C2D-4E39-4F86-8355-92E669E614AF}.Release|x64.ActiveCfg = Release|x64
		{A1388C2D-4E39-4F86-8355-92E669E614AF}.Release|x64.Build.0 = Release|x64
		{A1388C2D-4E39-4F86-8355-92E669E614AF}.Release|x86.ActiveCfg = Release|Win32
		{A1388C2D-4E39-4F86-8355-92E669E614AF}.Release|x86.Build.0 = Release|Win32
		{A1388C2D-4E39-4F86-8355-92E669E614AF}.RelWithDebInfo|x64.ActiveCfg = Release|x64
		{A1388C2D-4E39-4F86-8355-92E669E614AF}.RelWithDebInfo|x64.Build.0 = Release|x64
		{A1388C2D-4E39-4F86-8355-92E669E614AF}.RelWithDebInfo|x86.ActiveCfg = Release|Win32
		{A1388C2D-4E39-4F86-8355-92E669E614AF}.RelWithDebInfo|x86.Build.0 = Release|Win32
		{E3A1938C-7C10-3326-82C9-A6A9EF015F6C}.Debug Library|x64.ActiveCfg = Release|Win32
		{E3A1938C-7C10-3326-82C9-A6A9EF015F6C}.Debug Library|x64.Build.0 = Release|Win32
		{E3A1938C-7C10-3326-82C9-A6A9EF015F6C}.Debug Library|x86.ActiveCfg = Debug|Win32
		{E3A1938C-7C10-3326-82C9-A6A9EF015F6C}.Debug Library|x86.Build.0 = Debug|Win32
		{E3A1938C-7C10-3326-82C9-A6A9EF015F6C}.Debug|x64.ActiveCfg = Debug|Win32
		{E3A1938C-7C10-3326-82C9-A6A9EF015F6C}.Debug|x86.ActiveCfg = Debug|Win32
		{E3A1938C-7C10-3326-82C9-A6A9EF015F6C}.Debug|x86.Build.0 = Debug|Win32
		{E3A1938C-7C10-3326-82C9-A6A9EF015F6C}.MinSizeRel|x64.ActiveCfg = MinSizeRel|Win32
		{E3A1938C-7C10-3326-82C9-A6A9EF015F6C}.MinSizeRel|x86.ActiveCfg = MinSizeRel|Win32
		{E3A1938C-7C10-3326-82C9-A6A9EF015F6C}.MinSizeRel|x86.Build.0 = MinSizeRel|Win32
		{E3A1938C-7C10-3326-82C9-A6A9EF015F6C}.Release Library|x64.ActiveCfg = Release|Win32
		{E3A1938C-7C10-3326-82C9-A6A9EF015F6C}.Release Library|x64.Build.0 = Release|Win32
		{E3A1938C-7C10-3326-82C9-A6A9EF015F6C}.Release Library|x86.ActiveCfg = Release|Win32
		{E3A1938C-7C10-3326-82C9-A6A9EF015F6C}.Release Library|x86.Build.0 = Release|Win32
		{E3A1938C-7C10-3326-82C9-A6A9EF015F6C}.Release|x64.ActiveCfg = Release|Win32
		{E3A1938C-7C10-3326-82C9-A6A9EF015F6C}.Release|x86.ActiveCfg = Release|Win32
		{E3A1938C-7C10-3326-82C9-A6A9EF015F6C}.Release|x86.Build.0 = Release|Win32
		{E3A1938C-7C10-3326-82C9-A6A9EF015F6C}.RelWithDebInfo|x64.ActiveCfg = RelWithDebInfo|Win32
		{E3A1938C-7C10-3326-82C9-A6A9EF015F6C}.RelWithDebInfo|x86.ActiveCfg = RelWithDebInfo|Win32
		{E3A1938C-7C10-3326-82C9-A6A9EF015F6C}.RelWithDebInfo|x86.Build.0 = RelWithDebInfo|Win32
		{02F63BD9-2613-347D-9A4F-C107F05ABBC8}.Debug Library|x64.ActiveCfg = Release|Win32
		{02F63BD9-2613-347D-9A4F-C107F05ABBC8}.Debug Library|x64.Build.0 = Release|Win32
		{02F63BD9-2613-347D-9A4F-C107F05ABBC8}.Debug Library|x86.ActiveCfg = Debug|Win32
		{02F63BD9-2613-347D-9A4F-C107F05ABBC8}.Debug Library|x86.Build.0 = Debug|Win32
		{02F63BD9-2613-347D-9A4F-C107F05ABBC8}.Debug|x64.ActiveCfg = Debug|Win32
		{02F63BD9-2613-347D-9A4F-C107F05ABBC8}.Debug|x86.ActiveCfg = Debug|Win32
		{02F63BD9-2613-347D-9A4F-C107F05ABBC8}.Debug|x86.Build.0 = Debug|Win32
		{02F63BD9-2613-347D-9A4F-C107F05ABBC8}.MinSizeRel|x64.ActiveCfg = MinSizeRel|Win32
		{02F63BD9-2613-347D-9A4F-C107F05ABBC8}.MinSizeRel|x86.ActiveCfg = MinSizeRel|Win32
		{02F63BD9-2613-347D-9A4F-C107F05ABBC8}.MinSizeRel|x86.Build.0 = MinSizeRel|Win32
		{02F63BD9-2613-347D-9A4F-C107F05ABBC8}.Release Library|x64.ActiveCfg = Release|Win32
		{02F63BD9-2613-347D-9A4F-C107F05ABBC8}.Release Library|x64.Build.0 = Release|Win32
		{02F63BD9-2613-347D-9A4F-C107F05ABBC8}.Release Library|x86.ActiveCfg = Release|Win32
		{02F63BD9-2613-347D-9A4F-C107F05ABBC8}.Release Library|x86.Build.0 = Release|Win32
		{02F63BD9-2613-347D-9A4F-C107F05ABBC8}.Release|x64.ActiveCfg = Release|Win32
		{02F63BD9-2613-347D-9A4F-C107F05ABBC8}.Release|x86.ActiveCfg = Release|Win32
		{02F63BD9-2613-347D-9A4F-C107F05ABBC8}.Release|x86.Build.0 = Release|Win32
		{02F63BD9-2613-347D-9A4F-C107F05ABBC8}.RelWithDebInfo|x64.ActiveCfg = RelWithDebInfo|Win32
		{02F63BD9-2613-347D-9A4F-C107F05ABBC8}.RelWithDebInfo|x86.ActiveCfg = RelWithDebInfo|Win32
		{02F63BD9-2613-347D-9A4F-C107F05ABBC8}.RelWithDebInfo|x86.Build.0 = RelWithDebInfo|Win32
		{9D0FDE54-BD9F-3E41-BF05-DF3C93A49E16}.Debug Library|x64.ActiveCfg = Release|Win32
		{9D0FDE54-BD9F-3E41-BF05-DF3C93A49E16}.Debug Library|x64.Build.0 = Release|Win32
		{9D0FDE54-BD9F-3E41-BF05-DF3C93A49E16}.Debug Library|x86.ActiveCfg = Debug|Win32
		{9D0FDE54-BD9F-3E41-BF05-DF3C93A49E16}.Debug Library|x86.Build.0 = Debug|Win32
		{9D0FDE54-BD9F-3E41-BF05-DF3C93A49E16}.Debug|x64.ActiveCfg = Debug|Win32
		{9D0FDE54-BD9F-3E41-BF05-DF3C93A49E16}.Debug|x86.ActiveCfg = Debug|Win32
		{9D0FDE54-BD9F-3E41-BF05-DF3C93A49E16}.Debug|x86.Build.0 = Debug|Win32
		{9D0FDE54-BD9F-3E41-BF05-DF3C93A49E16}.MinSizeRel|x64.ActiveCfg = MinSizeRel|Win32
		{9D0FDE54-BD9F-3E41-BF05-DF3C93A49E16}.MinSizeRel|x86.ActiveCfg = MinSizeRel|Win32
		{9D0FDE54-BD9F-3E41-BF05-DF3C93A49E16}.MinSizeRel|x86.Build.0 = MinSizeRel|Win32
		{9D0FDE54-BD9F-3E41-BF05-DF3C93A49E16}.Release Library|x64.ActiveCfg = Release|Win32
		{9D0FDE54-BD9F-3E41-BF05-DF3C93A49E16}.Release Library|x64.Build.0 = Release|Win32
		{9D0FDE54-BD9F-3E41-BF05-DF3C93A49E16}.Release Library|x86.ActiveCfg = Release|Win32
		{9D0FDE54-BD9F-3E41-BF05-DF3C93A49E16}.Release Library|x86.Build.0 = Release|Win32
		{9D0FDE54-BD9F-3E41-BF05-DF3C93A49E16}.Release|x64.ActiveCfg = Release|Win32
		{9D0FDE54-BD9F-3E41-BF05-DF3C93A49E16}.Release|x86.ActiveCfg = Release|Win32
		{9D0FDE54-BD9F-3E41-BF05-DF3C93A49E16}.Release|x86.Build.0 = Release|Win32
		{9D0FDE54-BD9F-3E41-BF05-DF3C93A49E16}.RelWithDebInfo|x64.ActiveCfg = RelWithDebInfo|Win32
		{9D0FDE54-BD9F-3E41-BF05-DF3C93A49E16}.RelWithDebInfo|x86.ActiveCfg = RelWithDebInfo|Win32
		{9D0FDE54-BD9F-3E41-BF05-DF3C93A49E16}.RelWithDebInfo|x86.Build.0 = RelWithDebInfo|Win32
		{823964EA-9A54-3450-96FA-1A7C9A026378}.Debug Library|x64.ActiveCfg = Release|Win32
		{823964EA-9A54-3450-96FA-1A7C9A026378}.Debug Library|x64.Build.0 = Release|Win32
		{823964EA-9A54-3450-96FA-1A7C9A026378}.Debug Library|x86.ActiveCfg = Debug|Win32
		{823964EA-9A54-3450-96FA-1A7C9A026378}.Debug Library|x86.Build.0 = Debug|Win32
		{823964EA-9A54-3450-96FA-1A7C9A026378}.Debug|x64.ActiveCfg = Debug|Win32
		{823964EA-9A54-3450-96FA-1A7C9A026378}.Debug|x86.ActiveCfg = Debug|Win32
		{823964EA-9A54-3450-96FA-1A7C9A026378}.Debug|x86.Build.0 = Debug|Win32
		{823964EA-9A54-3450-96FA-1A7C9A026378}.MinSizeRel|x64.ActiveCfg = MinSizeRel|Win32
		{823964EA-9A54-3450-96FA-1A7C9A026378}.MinSizeRel|x86.ActiveCfg = MinSizeRel|Win32
		{823964EA-9A54-3450-96FA-1A7C9A026378}.MinSizeRel|x86.Build.0 = MinSizeRel|Win32
		{823964EA-9A54-3450-96FA-1A7C9A026378}.Release Library|x64.ActiveCfg = Release|Win32
		{823964EA-9A54-3450-96FA-1A7C9A026378}.Release Library|x64.Build.0 = Release|Win32
		{823964EA-9A54-3450-96FA-1A7C9A026378}.Release Library|x86.ActiveCfg = Release|Win32
		{823964EA-9A54-3450-96FA-1A7C9A026378}.Release Library|x86.Build.0 = Release|Win32
		{823964EA-9A54-3450-96FA-1A7C9A026378}.Release|x64.ActiveCfg = Release|Win32
		{823964EA-9A54-3450-96FA-1A7C9A026378}.Release|x86.ActiveCfg = Release|Win32
		{823964EA-9A54-3450-96FA-1A7C9A026378}.Release|x86.Build.0 = Release|Win32
		{823964EA-9A54-3450-96FA-1A7C9A026378}.RelWithDebInfo|x64.ActiveCfg = RelWithDebInfo|Win32
		{823964EA-9A54-3450-96FA-1A7C9A026378}.RelWithDebInfo|x86.ActiveCfg = RelWithDebInfo|Win32
		{823964EA-9A54-3450-96FA-1A7C9A026378}.RelWithDebInfo|x86.Build.0 = RelWithDebInfo|Win32
	EndGlobalSection
	GlobalSection(SolutionProperties) = preSolution
		HideSolutionNode = FALSE
	EndGlobalSection
EndGlobal
