
Microsoft Visual Studio Solution File, Format Version 12.00
# Visual Studio 14
VisualStudioVersion = 14.0.25420.1
MinimumVisualStudioVersion = 10.0.40219.1
Project("{8BC9CEB8-8B4A-11D0-8D11-00A0C91BC942}") = "MirageENGiNE_Engine", "MirageENGiNE_Engine\MirageENGiNE_Engine.vcxproj", "{A1388C2D-4E39-4F86-8355-92E669E614AF}"
EndProject
Global
	GlobalSection(SolutionConfigurationPlatforms) = preSolution
		M_Debug|x64 = M_Debug|x64
		M_Debug|x86 = M_Debug|x86
		M_Release|x64 = M_Release|x64
		M_Release|x86 = M_Release|x86
	EndGlobalSection
	GlobalSection(ProjectConfigurationPlatforms) = postSolution
		{A1388C2D-4E39-4F86-8355-92E669E614AF}.M_Debug|x64.ActiveCfg = M_Debug|x64
		{A1388C2D-4E39-4F86-8355-92E669E614AF}.M_Debug|x64.Build.0 = M_Debug|x64
		{A1388C2D-4E39-4F86-8355-92E669E614AF}.M_Debug|x86.ActiveCfg = M_Debug|Win32
		{A1388C2D-4E39-4F86-8355-92E669E614AF}.M_Debug|x86.Build.0 = M_Debug|Win32
		{A1388C2D-4E39-4F86-8355-92E669E614AF}.M_Release|x64.ActiveCfg = M_Release|x64
		{A1388C2D-4E39-4F86-8355-92E669E614AF}.M_Release|x64.Build.0 = M_Release|x64
		{A1388C2D-4E39-4F86-8355-92E669E614AF}.M_Release|x86.ActiveCfg = M_Release|Win32
		{A1388C2D-4E39-4F86-8355-92E669E614AF}.M_Release|x86.Build.0 = M_Release|Win32
	EndGlobalSection
	GlobalSection(SolutionProperties) = preSolution
		HideSolutionNode = FALSE
	EndGlobalSection
EndGlobal
